
Microsoft Visual Studio Solution File, Format Version 12.00
# Visual Studio Version 17
VisualStudioVersion = 17.14.36327.8 d17.14
MinimumVisualStudioVersion = 10.0.40219.1
Project("{FAE04EC0-301F-11D3-BF4B-00C04F79EFBC}") = "adventofcode-2025", "adventofcode-2025.csproj", "{FF1357A7-B98C-4A0B-8BB2-9E5CD93E9B80}"
EndProject
Global
	GlobalSection(SolutionConfigurationPlatforms) = preSolution
		Debug|Any CPU = Debug|Any CPU
		Release|Any CPU = Release|Any CPU
	EndGlobalSection
	GlobalSection(ProjectConfigurationPlatforms) = postSolution
		{FF1357A7-B98C-4A0B-8BB2-9E5CD93E9B80}.Debug|Any CPU.ActiveCfg = Debug|Any CPU
		{FF1357A7-B98C-4A0B-8BB2-9E5CD93E9B80}.Debug|Any CPU.Build.0 = Debug|Any CPU
		{FF1357A7-B98C-4A0B-8BB2-9E5CD93E9B80}.Release|Any CPU.ActiveCfg = Release|Any CPU
		{FF1357A7-B98C-4A0B-8BB2-9E5CD93E9B80}.Release|Any CPU.Build.0 = Release|Any CPU
	EndGlobalSection
	GlobalSection(SolutionProperties) = preSolution
		HideSolutionNode = FALSE
	EndGlobalSection
	GlobalSection(ExtensibilityGlobals) = postSolution
		SolutionGuid = {59960A85-EF91-4FC6-A45E-3A87BBD21B9B}
	EndGlobalSection
EndGlobal
